
Microsoft Visual Studio Solution File, Format Version 12.00
# Visual Studio Version 17
VisualStudioVersion = 17.10.35013.160
MinimumVisualStudioVersion = 10.0.40219.1
Project("{9A19103F-16F7-4668-BE54-9A1E7A4F7556}") = "Server", "src\Server\Server.csproj", "{DA6327A6-A2ED-4AC3-A3F6-E6D00AAB3F5F}"
EndProject
Project("{9A19103F-16F7-4668-BE54-9A1E7A4F7556}") = "Domain", "src\Domain\Domain.csproj", "{023BD949-7D39-4162-8C41-EF35BBC2CF1E}"
EndProject
Project("{9A19103F-16F7-4668-BE54-9A1E7A4F7556}") = "Persistence", "src\Persistence\Persistence.csproj", "{ED122B16-1EE6-4496-8284-2CEF9EC88C83}"
EndProject
Project("{9A19103F-16F7-4668-BE54-9A1E7A4F7556}") = "Application", "src\Application\Application.csproj", "{49976576-4B3D-4D87-ABCE-4A92F6E934C3}"
EndProject
Project("{2150E333-8FDC-42A3-9474-1A3956D46DE8}") = "tests", "tests", "{CE974602-ED85-4405-B54F-0F484D7C6039}"
EndProject
Project("{FAE04EC0-301F-11D3-BF4B-00C04F79EFBC}") = "Domain.Tests", "tests\Domain.Tests\Domain.Tests.csproj", "{D75E59AC-C753-4567-8AE2-648D6365B5BD}"
EndProject
Global
	GlobalSection(SolutionConfigurationPlatforms) = preSolution
		Debug|Any CPU = Debug|Any CPU
		Release|Any CPU = Release|Any CPU
	EndGlobalSection
	GlobalSection(ProjectConfigurationPlatforms) = postSolution
		{DA6327A6-A2ED-4AC3-A3F6-E6D00AAB3F5F}.Debug|Any CPU.ActiveCfg = Debug|Any CPU
		{DA6327A6-A2ED-4AC3-A3F6-E6D00AAB3F5F}.Debug|Any CPU.Build.0 = Debug|Any CPU
		{DA6327A6-A2ED-4AC3-A3F6-E6D00AAB3F5F}.Release|Any CPU.ActiveCfg = Release|Any CPU
		{DA6327A6-A2ED-4AC3-A3F6-E6D00AAB3F5F}.Release|Any CPU.Build.0 = Release|Any CPU
		{023BD949-7D39-4162-8C41-EF35BBC2CF1E}.Debug|Any CPU.ActiveCfg = Debug|Any CPU
		{023BD949-7D39-4162-8C41-EF35BBC2CF1E}.Debug|Any CPU.Build.0 = Debug|Any CPU
		{023BD949-7D39-4162-8C41-EF35BBC2CF1E}.Release|Any CPU.ActiveCfg = Release|Any CPU
		{023BD949-7D39-4162-8C41-EF35BBC2CF1E}.Release|Any CPU.Build.0 = Release|Any CPU
		{ED122B16-1EE6-4496-8284-2CEF9EC88C83}.Debug|Any CPU.ActiveCfg = Debug|Any CPU
		{ED122B16-1EE6-4496-8284-2CEF9EC88C83}.Debug|Any CPU.Build.0 = Debug|Any CPU
		{ED122B16-1EE6-4496-8284-2CEF9EC88C83}.Release|Any CPU.ActiveCfg = Release|Any CPU
		{ED122B16-1EE6-4496-8284-2CEF9EC88C83}.Release|Any CPU.Build.0 = Release|Any CPU
		{49976576-4B3D-4D87-ABCE-4A92F6E934C3}.Debug|Any CPU.ActiveCfg = Debug|Any CPU
		{49976576-4B3D-4D87-ABCE-4A92F6E934C3}.Debug|Any CPU.Build.0 = Debug|Any CPU
		{49976576-4B3D-4D87-ABCE-4A92F6E934C3}.Release|Any CPU.ActiveCfg = Release|Any CPU
		{49976576-4B3D-4D87-ABCE-4A92F6E934C3}.Release|Any CPU.Build.0 = Release|Any CPU
		{D75E59AC-C753-4567-8AE2-648D6365B5BD}.Debug|Any CPU.ActiveCfg = Debug|Any CPU
		{D75E59AC-C753-4567-8AE2-648D6365B5BD}.Debug|Any CPU.Build.0 = Debug|Any CPU
		{D75E59AC-C753-4567-8AE2-648D6365B5BD}.Release|Any CPU.ActiveCfg = Release|Any CPU
		{D75E59AC-C753-4567-8AE2-648D6365B5BD}.Release|Any CPU.Build.0 = Release|Any CPU
	EndGlobalSection
	GlobalSection(SolutionProperties) = preSolution
		HideSolutionNode = FALSE
	EndGlobalSection
	GlobalSection(NestedProjects) = preSolution
		{D75E59AC-C753-4567-8AE2-648D6365B5BD} = {CE974602-ED85-4405-B54F-0F484D7C6039}
	EndGlobalSection
	GlobalSection(ExtensibilityGlobals) = postSolution
		SolutionGuid = {0BCF8161-7B14-49D7-AB4D-C69A2A63AB61}
	EndGlobalSection
EndGlobal
